# THIS IS AN AUTOGENERATED FILE. DO NOT EDIT THIS FILE DIRECTLY.
# yarn lockfile v1


"@chainsafe/bls-hd-key@^0.3.0":
  version "0.3.0"
  resolved "https://registry.yarnpkg.com/@chainsafe/bls-hd-key/-/bls-hd-key-0.3.0.tgz#2de2649d5daa76f7460fc23caacf4ed3ebd2c02a"
  integrity sha512-LsYYnfBEEmqGFPDm8hQN3Kc+v9wPFnhn+CToD403KEynUiUSHKLAf5B6UCY5eooShDOcaGCUgAUhIw1CmpEf3Q==
  dependencies:
    "@noble/hashes" "^1.0.0"

"@chainsafe/bls-keygen@^0.4.0":
  version "0.4.0"
  resolved "https://registry.yarnpkg.com/@chainsafe/bls-keygen/-/bls-keygen-0.4.0.tgz#782c6555cfb05b9efa6f144d782799e8695ca1b0"
  integrity sha512-wqtuj4G/sWpIugJW1mb/nSTwcTuZKqB3DS3ANUIOn7pva8EB6LfxgIL34o4qk3lti/8Mdxqtqc2n4xRszrNdzA==
  dependencies:
    "@chainsafe/bls-hd-key" "^0.3.0"
    "@noble/hashes" "^1.0.0"
    "@scure/bip39" "^1.0.0"

"@chainsafe/bls@^8.1.0":
  version "8.1.0"
  resolved "https://registry.yarnpkg.com/@chainsafe/bls/-/bls-8.1.0.tgz#d0680ce1e8c10461f7c4c1b7be228a968d77efcb"
  integrity sha512-C4a1gUpFHYzJG7aaik4w+7QTeJ4pGCDTZ28YUwAWOFaWgAJSK+769ib6CNBu5Txb3PpvcC5GuhICQaDopIgEHg==
  dependencies:
    "@chainsafe/bls-keygen" "^0.4.0"
    bls-eth-wasm "^1.1.1"

"@noble/hashes@^1.0.0", "@noble/hashes@~1.7.1":
  version "1.7.1"
  resolved "https://registry.yarnpkg.com/@noble/hashes/-/hashes-1.7.1.tgz#5738f6d765710921e7a751e00c20ae091ed8db0f"
  integrity sha512-B8XBPsn4vT/KJAGqDzbwztd+6Yte3P4V7iafm24bxgDe/mlRuK6xmWPuCNrKt2vDafZ8MfJLlchDG/vYafQEjQ==

"@scure/base@~1.2.4":
  version "1.2.4"
  resolved "https://registry.yarnpkg.com/@scure/base/-/base-1.2.4.tgz#002eb571a35d69bdb4c214d0995dff76a8dcd2a9"
  integrity sha512-5Yy9czTO47mqz+/J8GM6GIId4umdCk1wc1q8rKERQulIoc8VP9pzDcghv10Tl2E7R96ZUx/PhND3ESYUQX8NuQ==

"@scure/bip39@^1.0.0":
  version "1.5.4"
  resolved "https://registry.yarnpkg.com/@scure/bip39/-/bip39-1.5.4.tgz#07fd920423aa671be4540d59bdd344cc1461db51"
  integrity sha512-TFM4ni0vKvCfBpohoh+/lY05i9gRbSwXWngAsF4CABQxoaOHijxuaZ2R6cStDQ5CHtHO9aGJTr4ksVJASRRyMA==
  dependencies:
    "@noble/hashes" "~1.7.1"
    "@scure/base" "~1.2.4"

bls-eth-wasm@^1.1.1:
  version "1.4.0"
  resolved "https://registry.yarnpkg.com/bls-eth-wasm/-/bls-eth-wasm-1.4.0.tgz#7e68ac6cf897ec6227b15e3567d7c392b5f50f76"
  integrity sha512-9TJR3r3CUJQR97PU6zokV2kVA80H8g4tkVBnaf9HNH3lFMBZUKZETNCwIuN+exFLujdbt1K188rH3mnq8UgmKw==
